# This file is automatically @generated by Cargo.
# It is not intended for manual editing.
version = 4

[[package]]
name = "combinational"
version = "0.1.0"
dependencies = [
 "gates",
]

[[package]]
name = "gates"
version = "0.1.0"

[[package]]
name = "sequential"
version = "0.1.0"
dependencies = [
 "combinational",
 "gates",
]
